// !$*UTF8*$!
{
	archiveVersion = 1;
	classes = {
	};
	objectVersion = 56;
	objects = {

/* Begin PBXBuildFile section */
		BD884ED92C6E21E6001CC1E5 /* calendar.swift in Sources */ = {isa = PBXBuildFile; fileRef = BD884ED82C6E21E6001CC1E5 /* calendar.swift */; };
		BD884EDC2C6E23B0001CC1E5 /* Diary.swift in Sources */ = {isa = PBXBuildFile; fileRef = BD884EDB2C6E23B0001CC1E5 /* Diary.swift */; };
		BDFD28B42C6B592C009CF23A /* group3FinalProjectApp.swift in Sources */ = {isa = PBXBuildFile; fileRef = BDFD28B32C6B592C009CF23A /* group3FinalProjectApp.swift */; };
		BDFD28B62C6B592C009CF23A /* ContentView.swift in Sources */ = {isa = PBXBuildFile; fileRef = BDFD28B52C6B592C009CF23A /* ContentView.swift */; };
		BDFD28B82C6B592E009CF23A /* Assets.xcassets in Resources */ = {isa = PBXBuildFile; fileRef = BDFD28B72C6B592E009CF23A /* Assets.xcassets */; };
		BDFD28BB2C6B592E009CF23A /* Preview Assets.xcassets in Resources */ = {isa = PBXBuildFile; fileRef = BDFD28BA2C6B592E009CF23A /* Preview Assets.xcassets */; };
		BDFD28C52C6B592E009CF23A /* group3FinalProjectTests.swift in Sources */ = {isa = PBXBuildFile; fileRef = BDFD28C42C6B592E009CF23A /* group3FinalProjectTests.swift */; };
		BDFD28CF2C6B592E009CF23A /* group3FinalProjectUITests.swift in Sources */ = {isa = PBXBuildFile; fileRef = BDFD28CE2C6B592E009CF23A /* group3FinalProjectUITests.swift */; };
		BDFD28D12C6B592E009CF23A /* group3FinalProjectUITestsLaunchTests.swift in Sources */ = {isa = PBXBuildFile; fileRef = BDFD28D02C6B592E009CF23A /* group3FinalProjectUITestsLaunchTests.swift */; };
		BDFD29542C6CEF2C009CF23A /* HomeView.swift in Sources */ = {isa = PBXBuildFile; fileRef = BDFD29532C6CEF2C009CF23A /* HomeView.swift */; };
		BDFD29562C6CF011009CF23A /* NewsView.swift in Sources */ = {isa = PBXBuildFile; fileRef = BDFD29552C6CF011009CF23A /* NewsView.swift */; };
		BDFD29582C6CF025009CF23A /* FinanceView.swift in Sources */ = {isa = PBXBuildFile; fileRef = BDFD29572C6CF025009CF23A /* FinanceView.swift */; };
		BDFD295A2C6CF037009CF23A /* MentalHealthView.swift in Sources */ = {isa = PBXBuildFile; fileRef = BDFD29592C6CF037009CF23A /* MentalHealthView.swift */; };
/* End PBXBuildFile section */

/* Begin PBXContainerItemProxy section */
		BDFD28C12C6B592E009CF23A /* PBXContainerItemProxy */ = {
			isa = PBXContainerItemProxy;
			containerPortal = BDFD28A82C6B592C009CF23A /* Project object */;
			proxyType = 1;
			remoteGlobalIDString = BDFD28AF2C6B592C009CF23A;
			remoteInfo = group3FinalProject;
		};
		BDFD28CB2C6B592E009CF23A /* PBXContainerItemProxy */ = {
			isa = PBXContainerItemProxy;
			containerPortal = BDFD28A82C6B592C009CF23A /* Project object */;
			proxyType = 1;
			remoteGlobalIDString = BDFD28AF2C6B592C009CF23A;
			remoteInfo = group3FinalProject;
		};
/* End PBXContainerItemProxy section */

/* Begin PBXFileReference section */
		BD884ED82C6E21E6001CC1E5 /* calendar.swift */ = {isa = PBXFileReference; lastKnownFileType = sourcecode.swift; path = calendar.swift; sourceTree = "<group>"; };
		BD884EDB2C6E23B0001CC1E5 /* Diary.swift */ = {isa = PBXFileReference; lastKnownFileType = sourcecode.swift; path = Diary.swift; sourceTree = "<group>"; };
		BDFD28B02C6B592C009CF23A /* group3FinalProject.app */ = {isa = PBXFileReference; explicitFileType = wrapper.application; includeInIndex = 0; path = group3FinalProject.app; sourceTree = BUILT_PRODUCTS_DIR; };
		BDFD28B32C6B592C009CF23A /* group3FinalProjectApp.swift */ = {isa = PBXFileReference; lastKnownFileType = sourcecode.swift; path = group3FinalProjectApp.swift; sourceTree = "<group>"; };
		BDFD28B52C6B592C009CF23A /* ContentView.swift */ = {isa = PBXFileReference; lastKnownFileType = sourcecode.swift; path = ContentView.swift; sourceTree = "<group>"; };
		BDFD28B72C6B592E009CF23A /* Assets.xcassets */ = {isa = PBXFileReference; lastKnownFileType = folder.assetcatalog; path = Assets.xcassets; sourceTree = "<group>"; };
		BDFD28BA2C6B592E009CF23A /* Preview Assets.xcassets */ = {isa = PBXFileReference; lastKnownFileType = folder.assetcatalog; path = "Preview Assets.xcassets"; sourceTree = "<group>"; };
		BDFD28C02C6B592E009CF23A /* group3FinalProjectTests.xctest */ = {isa = PBXFileReference; explicitFileType = wrapper.cfbundle; includeInIndex = 0; path = group3FinalProjectTests.xctest; sourceTree = BUILT_PRODUCTS_DIR; };
		BDFD28C42C6B592E009CF23A /* group3FinalProjectTests.swift */ = {isa = PBXFileReference; lastKnownFileType = sourcecode.swift; path = group3FinalProjectTests.swift; sourceTree = "<group>"; };
		BDFD28CA2C6B592E009CF23A /* group3FinalProjectUITests.xctest */ = {isa = PBXFileReference; explicitFileType = wrapper.cfbundle; includeInIndex = 0; path = group3FinalProjectUITests.xctest; sourceTree = BUILT_PRODUCTS_DIR; };
		BDFD28CE2C6B592E009CF23A /* group3FinalProjectUITests.swift */ = {isa = PBXFileReference; lastKnownFileType = sourcecode.swift; path = group3FinalProjectUITests.swift; sourceTree = "<group>"; };
		BDFD28D02C6B592E009CF23A /* group3FinalProjectUITestsLaunchTests.swift */ = {isa = PBXFileReference; lastKnownFileType = sourcecode.swift; path = group3FinalProjectUITestsLaunchTests.swift; sourceTree = "<group>"; };
		BDFD29532C6CEF2C009CF23A /* HomeView.swift */ = {isa = PBXFileReference; lastKnownFileType = sourcecode.swift; path = HomeView.swift; sourceTree = "<group>"; };
		BDFD29552C6CF011009CF23A /* NewsView.swift */ = {isa = PBXFileReference; lastKnownFileType = sourcecode.swift; path = NewsView.swift; sourceTree = "<group>"; };
		BDFD29572C6CF025009CF23A /* FinanceView.swift */ = {isa = PBXFileReference; lastKnownFileType = sourcecode.swift; path = FinanceView.swift; sourceTree = "<group>"; };
		BDFD29592C6CF037009CF23A /* MentalHealthView.swift */ = {isa = PBXFileReference; lastKnownFileType = sourcecode.swift; path = MentalHealthView.swift; sourceTree = "<group>"; };
/* End PBXFileReference section */

/* Begin PBXFrameworksBuildPhase section */
		BDFD28AD2C6B592C009CF23A /* Frameworks */ = {
			isa = PBXFrameworksBuildPhase;
			buildActionMask = 2147483647;
			files = (
			);
			runOnlyForDeploymentPostprocessing = 0;
		};
		BDFD28BD2C6B592E009CF23A /* Frameworks */ = {
			isa = PBXFrameworksBuildPhase;
			buildActionMask = 2147483647;
			files = (
			);
			runOnlyForDeploymentPostprocessing = 0;
		};
		BDFD28C72C6B592E009CF23A /* Frameworks */ = {
			isa = PBXFrameworksBuildPhase;
			buildActionMask = 2147483647;
			files = (
			);
			runOnlyForDeploymentPostprocessing = 0;
		};
/* End PBXFrameworksBuildPhase section */

/* Begin PBXGroup section */
		BDFD28A72C6B592C009CF23A = {
			isa = PBXGroup;
			children = (
				BDFD28B22C6B592C009CF23A /* group3FinalProject */,
				BDFD28C32C6B592E009CF23A /* group3FinalProjectTests */,
				BDFD28CD2C6B592E009CF23A /* group3FinalProjectUITests */,
				BDFD28B12C6B592C009CF23A /* Products */,
			);
			sourceTree = "<group>";
		};
		BDFD28B12C6B592C009CF23A /* Products */ = {
			isa = PBXGroup;
			children = (
				BDFD28B02C6B592C009CF23A /* group3FinalProject.app */,
				BDFD28C02C6B592E009CF23A /* group3FinalProjectTests.xctest */,
				BDFD28CA2C6B592E009CF23A /* group3FinalProjectUITests.xctest */,
			);
			name = Products;
			sourceTree = "<group>";
		};
		BDFD28B22C6B592C009CF23A /* group3FinalProject */ = {
			isa = PBXGroup;
			children = (
				BDFD28B32C6B592C009CF23A /* group3FinalProjectApp.swift */,
				BDFD28B52C6B592C009CF23A /* ContentView.swift */,
				BDFD29532C6CEF2C009CF23A /* HomeView.swift */,
				BDFD29552C6CF011009CF23A /* NewsView.swift */,
				BDFD29592C6CF037009CF23A /* MentalHealthView.swift */,
				BD884ED82C6E21E6001CC1E5 /* calendar.swift */,
				BD884EDB2C6E23B0001CC1E5 /* Diary.swift */,
				BDFD29572C6CF025009CF23A /* FinanceView.swift */,
				BDFD28B72C6B592E009CF23A /* Assets.xcassets */,
				BDFD28B92C6B592E009CF23A /* Preview Content */,
			);
			path = group3FinalProject;
			sourceTree = "<group>";
		};
		BDFD28B92C6B592E009CF23A /* Preview Content */ = {
			isa = PBXGroup;
			children = (
				BDFD28BA2C6B592E009CF23A /* Preview Assets.xcassets */,
			);
			path = "Preview Content";
			sourceTree = "<group>";
		};
		BDFD28C32C6B592E009CF23A /* group3FinalProjectTests */ = {
			isa = PBXGroup;
			children = (
				BDFD28C42C6B592E009CF23A /* group3FinalProjectTests.swift */,
			);
			path = group3FinalProjectTests;
			sourceTree = "<group>";
		};
		BDFD28CD2C6B592E009CF23A /* group3FinalProjectUITests */ = {
			isa = PBXGroup;
			children = (
				BDFD28CE2C6B592E009CF23A /* group3FinalProjectUITests.swift */,
				BDFD28D02C6B592E009CF23A /* group3FinalProjectUITestsLaunchTests.swift */,
			);
			path = group3FinalProjectUITests;
			sourceTree = "<group>";
		};
/* End PBXGroup section */

/* Begin PBXNativeTarget section */
		BDFD28AF2C6B592C009CF23A /* group3FinalProject */ = {
			isa = PBXNativeTarget;
			buildConfigurationList = BDFD28D42C6B592E009CF23A /* Build configuration list for PBXNativeTarget "group3FinalProject" */;
			buildPhases = (
				BDFD28AC2C6B592C009CF23A /* Sources */,
				BDFD28AD2C6B592C009CF23A /* Frameworks */,
				BDFD28AE2C6B592C009CF23A /* Resources */,
			);
			buildRules = (
			);
			dependencies = (
			);
			name = group3FinalProject;
			productName = group3FinalProject;
			productReference = BDFD28B02C6B592C009CF23A /* group3FinalProject.app */;
			productType = "com.apple.product-type.application";
		};
		BDFD28BF2C6B592E009CF23A /* group3FinalProjectTests */ = {
			isa = PBXNativeTarget;
			buildConfigurationList = BDFD28D72C6B592E009CF23A /* Build configuration list for PBXNativeTarget "group3FinalProjectTests" */;
			buildPhases = (
				BDFD28BC2C6B592E009CF23A /* Sources */,
				BDFD28BD2C6B592E009CF23A /* Frameworks */,
				BDFD28BE2C6B592E009CF23A /* Resources */,
			);
			buildRules = (
			);
			dependencies = (
				BDFD28C22C6B592E009CF23A /* PBXTargetDependency */,
			);
			name = group3FinalProjectTests;
			productName = group3FinalProjectTests;
			productReference = BDFD28C02C6B592E009CF23A /* group3FinalProjectTests.xctest */;
			productType = "com.apple.product-type.bundle.unit-test";
		};
		BDFD28C92C6B592E009CF23A /* group3FinalProjectUITests */ = {
			isa = PBXNativeTarget;
			buildConfigurationList = BDFD28DA2C6B592E009CF23A /* Build configuration list for PBXNativeTarget "group3FinalProjectUITests" */;
			buildPhases = (
				BDFD28C62C6B592E009CF23A /* Sources */,
				BDFD28C72C6B592E009CF23A /* Frameworks */,
				BDFD28C82C6B592E009CF23A /* Resources */,
			);
			buildRules = (
			);
			dependencies = (
				BDFD28CC2C6B592E009CF23A /* PBXTargetDependency */,
			);
			name = group3FinalProjectUITests;
			productName = group3FinalProjectUITests;
			productReference = BDFD28CA2C6B592E009CF23A /* group3FinalProjectUITests.xctest */;
			productType = "com.apple.product-type.bundle.ui-testing";
		};
/* End PBXNativeTarget section */

/* Begin PBXProject section */
		BDFD28A82C6B592C009CF23A /* Project object */ = {
			isa = PBXProject;
			attributes = {
				BuildIndependentTargetsInParallel = 1;
				LastSwiftUpdateCheck = 1540;
				LastUpgradeCheck = 1540;
				TargetAttributes = {
					BDFD28AF2C6B592C009CF23A = {
						CreatedOnToolsVersion = 15.4;
					};
					BDFD28BF2C6B592E009CF23A = {
						CreatedOnToolsVersion = 15.4;
						TestTargetID = BDFD28AF2C6B592C009CF23A;
					};
					BDFD28C92C6B592E009CF23A = {
						CreatedOnToolsVersion = 15.4;
						TestTargetID = BDFD28AF2C6B592C009CF23A;
					};
				};
			};
			buildConfigurationList = BDFD28AB2C6B592C009CF23A /* Build configuration list for PBXProject "group3FinalProject" */;
			compatibilityVersion = "Xcode 14.0";
			developmentRegion = en;
			hasScannedForEncodings = 0;
			knownRegions = (
				en,
				Base,
			);
			mainGroup = BDFD28A72C6B592C009CF23A;
			productRefGroup = BDFD28B12C6B592C009CF23A /* Products */;
			projectDirPath = "";
			projectRoot = "";
			targets = (
				BDFD28AF2C6B592C009CF23A /* group3FinalProject */,
				BDFD28BF2C6B592E009CF23A /* group3FinalProjectTests */,
				BDFD28C92C6B592E009CF23A /* group3FinalProjectUITests */,
			);
		};
/* End PBXProject section */

/* Begin PBXResourcesBuildPhase section */
		BDFD28AE2C6B592C009CF23A /* Resources */ = {
			isa = PBXResourcesBuildPhase;
			buildActionMask = 2147483647;
			files = (
				BDFD28BB2C6B592E009CF23A /* Preview Assets.xcassets in Resources */,
				BDFD28B82C6B592E009CF23A /* Assets.xcassets in Resources */,
			);
			runOnlyForDeploymentPostprocessing = 0;
		};
		BDFD28BE2C6B592E009CF23A /* Resources */ = {
			isa = PBXResourcesBuildPhase;
			buildActionMask = 2147483647;
			files = (
			);
			runOnlyForDeploymentPostprocessing = 0;
		};
		BDFD28C82C6B592E009CF23A /* Resources */ = {
			isa = PBXResourcesBuildPhase;
			buildActionMask = 2147483647;
			files = (
			);
			runOnlyForDeploymentPostprocessing = 0;
		};
/* End PBXResourcesBuildPhase section */

/* Begin PBXSourcesBuildPhase section */
		BDFD28AC2C6B592C009CF23A /* Sources */ = {
			isa = PBXSourcesBuildPhase;
			buildActionMask = 2147483647;
			files = (
				BD884ED92C6E21E6001CC1E5 /* calendar.swift in Sources */,
				BDFD29542C6CEF2C009CF23A /* HomeView.swift in Sources */,
				BDFD29562C6CF011009CF23A /* NewsView.swift in Sources */,
				BDFD28B62C6B592C009CF23A /* ContentView.swift in Sources */,
				BDFD29582C6CF025009CF23A /* FinanceView.swift in Sources */,
				BDFD28B42C6B592C009CF23A /* group3FinalProjectApp.swift in Sources */,
				BDFD295A2C6CF037009CF23A /* MentalHealthView.swift in Sources */,
				BD884EDC2C6E23B0001CC1E5 /* Diary.swift in Sources */,
			);
			runOnlyForDeploymentPostprocessing = 0;
		};
		BDFD28BC2C6B592E009CF23A /* Sources */ = {
			isa = PBXSourcesBuildPhase;
			buildActionMask = 2147483647;
			files = (
				BDFD28C52C6B592E009CF23A /* group3FinalProjectTests.swift in Sources */,
			);
			runOnlyForDeploymentPostprocessing = 0;
		};
		BDFD28C62C6B592E009CF23A /* Sources */ = {
			isa = PBXSourcesBuildPhase;
			buildActionMask = 2147483647;
			files = (
				BDFD28CF2C6B592E009CF23A /* group3FinalProjectUITests.swift in Sources */,
				BDFD28D12C6B592E009CF23A /* group3FinalProjectUITestsLaunchTests.swift in Sources */,
			);
			runOnlyForDeploymentPostprocessing = 0;
		};
/* End PBXSourcesBuildPhase section */

/* Begin PBXTargetDependency section */
		BDFD28C22C6B592E009CF23A /* PBXTargetDependency */ = {
			isa = PBXTargetDependency;
			target = BDFD28AF2C6B592C009CF23A /* group3FinalProject */;
			targetProxy = BDFD28C12C6B592E009CF23A /* PBXContainerItemProxy */;
		};
		BDFD28CC2C6B592E009CF23A /* PBXTargetDependency */ = {
			isa = PBXTargetDependency;
			target = BDFD28AF2C6B592C009CF23A /* group3FinalProject */;
			targetProxy = BDFD28CB2C6B592E009CF23A /* PBXContainerItemProxy */;
		};
/* End PBXTargetDependency section */

/* Begin XCBuildConfiguration section */
		BDFD28D22C6B592E009CF23A /* Debug */ = {
			isa = XCBuildConfiguration;
			buildSettings = {
				ALWAYS_SEARCH_USER_PATHS = NO;
				ASSETCATALOG_COMPILER_GENERATE_SWIFT_ASSET_SYMBOL_EXTENSIONS = YES;
				CLANG_ANALYZER_NONNULL = YES;
				CLANG_ANALYZER_NUMBER_OBJECT_CONVERSION = YES_AGGRESSIVE;
				CLANG_CXX_LANGUAGE_STANDARD = "gnu++20";
				CLANG_ENABLE_MODULES = YES;
				CLANG_ENABLE_OBJC_ARC = YES;
				CLANG_ENABLE_OBJC_WEAK = YES;
				CLANG_WARN_BLOCK_CAPTURE_AUTORELEASING = YES;
				CLANG_WARN_BOOL_CONVERSION = YES;
				CLANG_WARN_COMMA = YES;
				CLANG_WARN_CONSTANT_CONVERSION = YES;
				CLANG_WARN_DEPRECATED_OBJC_IMPLEMENTATIONS = YES;
				CLANG_WARN_DIRECT_OBJC_ISA_USAGE = YES_ERROR;
				CLANG_WARN_DOCUMENTATION_COMMENTS = YES;
				CLANG_WARN_EMPTY_BODY = YES;
				CLANG_WARN_ENUM_CONVERSION = YES;
				CLANG_WARN_INFINITE_RECURSION = YES;
				CLANG_WARN_INT_CONVERSION = YES;
				CLANG_WARN_NON_LITERAL_NULL_CONVERSION = YES;
				CLANG_WARN_OBJC_IMPLICIT_RETAIN_SELF = YES;
				CLANG_WARN_OBJC_LITERAL_CONVERSION = YES;
				CLANG_WARN_OBJC_ROOT_CLASS = YES_ERROR;
				CLANG_WARN_QUOTED_INCLUDE_IN_FRAMEWORK_HEADER = YES;
				CLANG_WARN_RANGE_LOOP_ANALYSIS = YES;
				CLANG_WARN_STRICT_PROTOTYPES = YES;
				CLANG_WARN_SUSPICIOUS_MOVE = YES;
				CLANG_WARN_UNGUARDED_AVAILABILITY = YES_AGGRESSIVE;
				CLANG_WARN_UNREACHABLE_CODE = YES;
				CLANG_WARN__DUPLICATE_METHOD_MATCH = YES;
				COPY_PHASE_STRIP = NO;
				DEBUG_INFORMATION_FORMAT = dwarf;
				ENABLE_STRICT_OBJC_MSGSEND = YES;
				ENABLE_TESTABILITY = YES;
				ENABLE_USER_SCRIPT_SANDBOXING = YES;
				GCC_C_LANGUAGE_STANDARD = gnu17;
				GCC_DYNAMIC_NO_PIC = NO;
				GCC_NO_COMMON_BLOCKS = YES;
				GCC_OPTIMIZATION_LEVEL = 0;
				GCC_PREPROCESSOR_DEFINITIONS = (
					"DEBUG=1",
					"$(inherited)",
				);
				GCC_WARN_64_TO_32_BIT_CONVERSION = YES;
				GCC_WARN_ABOUT_RETURN_TYPE = YES_ERROR;
				GCC_WARN_UNDECLARED_SELECTOR = YES;
				GCC_WARN_UNINITIALIZED_AUTOS = YES_AGGRESSIVE;
				GCC_WARN_UNUSED_FUNCTION = YES;
				GCC_WARN_UNUSED_VARIABLE = YES;
				IPHONEOS_DEPLOYMENT_TARGET = 17.5;
				LOCALIZATION_PREFERS_STRING_CATALOGS = YES;
				MTL_ENABLE_DEBUG_INFO = INCLUDE_SOURCE;
				MTL_FAST_MATH = YES;
				ONLY_ACTIVE_ARCH = YES;
				SDKROOT = iphoneos;
				SWIFT_ACTIVE_COMPILATION_CONDITIONS = "DEBUG $(inherited)";
				SWIFT_OPTIMIZATION_LEVEL = "-Onone";
			};
			name = Debug;
		};
		BDFD28D32C6B592E009CF23A /* Release */ = {
			isa = XCBuildConfiguration;
			buildSettings = {
				ALWAYS_SEARCH_USER_PATHS = NO;
				ASSETCATALOG_COMPILER_GENERATE_SWIFT_ASSET_SYMBOL_EXTENSIONS = YES;
				CLANG_ANALYZER_NONNULL = YES;
				CLANG_ANALYZER_NUMBER_OBJECT_CONVERSION = YES_AGGRESSIVE;
				CLANG_CXX_LANGUAGE_STANDARD = "gnu++20";
				CLANG_ENABLE_MODULES = YES;
				CLANG_ENABLE_OBJC_ARC = YES;
				CLANG_ENABLE_OBJC_WEAK = YES;
				CLANG_WARN_BLOCK_CAPTURE_AUTORELEASING = YES;
				CLANG_WARN_BOOL_CONVERSION = YES;
				CLANG_WARN_COMMA = YES;
				CLANG_WARN_CONSTANT_CONVERSION = YES;
				CLANG_WARN_DEPRECATED_OBJC_IMPLEMENTATIONS = YES;
				CLANG_WARN_DIRECT_OBJC_ISA_USAGE = YES_ERROR;
				CLANG_WARN_DOCUMENTATION_COMMENTS = YES;
				CLANG_WARN_EMPTY_BODY = YES;
				CLANG_WARN_ENUM_CONVERSION = YES;
				CLANG_WARN_INFINITE_RECURSION = YES;
				CLANG_WARN_INT_CONVERSION = YES;
				CLANG_WARN_NON_LITERAL_NULL_CONVERSION = YES;
				CLANG_WARN_OBJC_IMPLICIT_RETAIN_SELF = YES;
				CLANG_WARN_OBJC_LITERAL_CONVERSION = YES;
				CLANG_WARN_OBJC_ROOT_CLASS = YES_ERROR;
				CLANG_WARN_QUOTED_INCLUDE_IN_FRAMEWORK_HEADER = YES;
				CLANG_WARN_RANGE_LOOP_ANALYSIS = YES;
				CLANG_WARN_STRICT_PROTOTYPES = YES;
				CLANG_WARN_SUSPICIOUS_MOVE = YES;
				CLANG_WARN_UNGUARDED_AVAILABILITY = YES_AGGRESSIVE;
				CLANG_WARN_UNREACHABLE_CODE = YES;
				CLANG_WARN__DUPLICATE_METHOD_MATCH = YES;
				COPY_PHASE_STRIP = NO;
				DEBUG_INFORMATION_FORMAT = "dwarf-with-dsym";
				ENABLE_NS_ASSERTIONS = NO;
				ENABLE_STRICT_OBJC_MSGSEND = YES;
				ENABLE_USER_SCRIPT_SANDBOXING = YES;
				GCC_C_LANGUAGE_STANDARD = gnu17;
				GCC_NO_COMMON_BLOCKS = YES;
				GCC_WARN_64_TO_32_BIT_CONVERSION = YES;
				GCC_WARN_ABOUT_RETURN_TYPE = YES_ERROR;
				GCC_WARN_UNDECLARED_SELECTOR = YES;
				GCC_WARN_UNINITIALIZED_AUTOS = YES_AGGRESSIVE;
				GCC_WARN_UNUSED_FUNCTION = YES;
				GCC_WARN_UNUSED_VARIABLE = YES;
				IPHONEOS_DEPLOYMENT_TARGET = 17.5;
				LOCALIZATION_PREFERS_STRING_CATALOGS = YES;
				MTL_ENABLE_DEBUG_INFO = NO;
				MTL_FAST_MATH = YES;
				SDKROOT = iphoneos;
				SWIFT_COMPILATION_MODE = wholemodule;
				VALIDATE_PRODUCT = YES;
			};
			name = Release;
		};
		BDFD28D52C6B592E009CF23A /* Debug */ = {
			isa = XCBuildConfiguration;
			buildSettings = {
				ASSETCATALOG_COMPILER_APPICON_NAME = AppIcon;
				ASSETCATALOG_COMPILER_GLOBAL_ACCENT_COLOR_NAME = AccentColor;
				CODE_SIGN_STYLE = Automatic;
				CURRENT_PROJECT_VERSION = 1;
				DEVELOPMENT_ASSET_PATHS = "\"group3FinalProject/Preview Content\"";
				ENABLE_PREVIEWS = YES;
				GENERATE_INFOPLIST_FILE = YES;
				INFOPLIST_KEY_UIApplicationSceneManifest_Generation = YES;
				INFOPLIST_KEY_UIApplicationSupportsIndirectInputEvents = YES;
				INFOPLIST_KEY_UILaunchScreen_Generation = YES;
				INFOPLIST_KEY_UISupportedInterfaceOrientations_iPad = "UIInterfaceOrientationPortrait UIInterfaceOrientationPortraitUpsideDown UIInterfaceOrientationLandscapeLeft UIInterfaceOrientationLandscapeRight";
				INFOPLIST_KEY_UISupportedInterfaceOrientations_iPhone = "UIInterfaceOrientationPortrait UIInterfaceOrientationLandscapeLeft UIInterfaceOrientationLandscapeRight";
				LD_RUNPATH_SEARCH_PATHS = (
					"$(inherited)",
					"@executable_path/Frameworks",
				);
				MARKETING_VERSION = 1.0;
				PRODUCT_BUNDLE_IDENTIFIER = kwk.group3FinalProject;
				PRODUCT_NAME = "$(TARGET_NAME)";
				SWIFT_EMIT_LOC_STRINGS = YES;
				SWIFT_VERSION = 5.0;
				TARGETED_DEVICE_FAMILY = "1,2";
			};
			name = Debug;
		};
		BDFD28D62C6B592E009CF23A /* Release */ = {
			isa = XCBuildConfiguration;
			buildSettings = {
				ASSETCATALOG_COMPILER_APPICON_NAME = AppIcon;
				ASSETCATALOG_COMPILER_GLOBAL_ACCENT_COLOR_NAME = AccentColor;
				CODE_SIGN_STYLE = Automatic;
				CURRENT_PROJECT_VERSION = 1;
				DEVELOPMENT_ASSET_PATHS = "\"group3FinalProject/Preview Content\"";
				ENABLE_PREVIEWS = YES;
				GENERATE_INFOPLIST_FILE = YES;
				INFOPLIST_KEY_UIApplicationSceneManifest_Generation = YES;
				INFOPLIST_KEY_UIApplicationSupportsIndirectInputEvents = YES;
				INFOPLIST_KEY_UILaunchScreen_Generation = YES;
				INFOPLIST_KEY_UISupportedInterfaceOrientations_iPad = "UIInterfaceOrientationPortrait UIInterfaceOrientationPortraitUpsideDown UIInterfaceOrientationLandscapeLeft UIInterfaceOrientationLandscapeRight";
				INFOPLIST_KEY_UISupportedInterfaceOrientations_iPhone = "UIInterfaceOrientationPortrait UIInterfaceOrientationLandscapeLeft UIInterfaceOrientationLandscapeRight";
				LD_RUNPATH_SEARCH_PATHS = (
					"$(inherited)",
					"@executable_path/Frameworks",
				);
				MARKETING_VERSION = 1.0;
				PRODUCT_BUNDLE_IDENTIFIER = kwk.group3FinalProject;
				PRODUCT_NAME = "$(TARGET_NAME)";
				SWIFT_EMIT_LOC_STRINGS = YES;
				SWIFT_VERSION = 5.0;
				TARGETED_DEVICE_FAMILY = "1,2";
			};
			name = Release;
		};
		BDFD28D82C6B592E009CF23A /* Debug */ = {
			isa = XCBuildConfiguration;
			buildSettings = {
				ALWAYS_EMBED_SWIFT_STANDARD_LIBRARIES = YES;
				BUNDLE_LOADER = "$(TEST_HOST)";
				CODE_SIGN_STYLE = Automatic;
				CURRENT_PROJECT_VERSION = 1;
				GENERATE_INFOPLIST_FILE = YES;
				IPHONEOS_DEPLOYMENT_TARGET = 17.5;
				MARKETING_VERSION = 1.0;
				PRODUCT_BUNDLE_IDENTIFIER = kwk.group3FinalProjectTests;
				PRODUCT_NAME = "$(TARGET_NAME)";
				SWIFT_EMIT_LOC_STRINGS = NO;
				SWIFT_VERSION = 5.0;
				TARGETED_DEVICE_FAMILY = "1,2";
				TEST_HOST = "$(BUILT_PRODUCTS_DIR)/group3FinalProject.app/$(BUNDLE_EXECUTABLE_FOLDER_PATH)/group3FinalProject";
			};
			name = Debug;
		};
		BDFD28D92C6B592E009CF23A /* Release */ = {
			isa = XCBuildConfiguration;
			buildSettings = {
				ALWAYS_EMBED_SWIFT_STANDARD_LIBRARIES = YES;
				BUNDLE_LOADER = "$(TEST_HOST)";
				CODE_SIGN_STYLE = Automatic;
				CURRENT_PROJECT_VERSION = 1;
				GENERATE_INFOPLIST_FILE = YES;
				IPHONEOS_DEPLOYMENT_TARGET = 17.5;
				MARKETING_VERSION = 1.0;
				PRODUCT_BUNDLE_IDENTIFIER = kwk.group3FinalProjectTests;
				PRODUCT_NAME = "$(TARGET_NAME)";
				SWIFT_EMIT_LOC_STRINGS = NO;
				SWIFT_VERSION = 5.0;
				TARGETED_DEVICE_FAMILY = "1,2";
				TEST_HOST = "$(BUILT_PRODUCTS_DIR)/group3FinalProject.app/$(BUNDLE_EXECUTABLE_FOLDER_PATH)/group3FinalProject";
			};
			name = Release;
		};
		BDFD28DB2C6B592E009CF23A /* Debug */ = {
			isa = XCBuildConfiguration;
			buildSettings = {
				ALWAYS_EMBED_SWIFT_STANDARD_LIBRARIES = YES;
				CODE_SIGN_STYLE = Automatic;
				CURRENT_PROJECT_VERSION = 1;
				GENERATE_INFOPLIST_FILE = YES;
				MARKETING_VERSION = 1.0;
				PRODUCT_BUNDLE_IDENTIFIER = kwk.group3FinalProjectUITests;
				PRODUCT_NAME = "$(TARGET_NAME)";
				SWIFT_EMIT_LOC_STRINGS = NO;
				SWIFT_VERSION = 5.0;
				TARGETED_DEVICE_FAMILY = "1,2";
				TEST_TARGET_NAME = group3FinalProject;
			};
			name = Debug;
		};
		BDFD28DC2C6B592E009CF23A /* Release */ = {
			isa = XCBuildConfiguration;
			buildSettings = {
				ALWAYS_EMBED_SWIFT_STANDARD_LIBRARIES = YES;
				CODE_SIGN_STYLE = Automatic;
				CURRENT_PROJECT_VERSION = 1;
				GENERATE_INFOPLIST_FILE = YES;
				MARKETING_VERSION = 1.0;
				PRODUCT_BUNDLE_IDENTIFIER = kwk.group3FinalProjectUITests;
				PRODUCT_NAME = "$(TARGET_NAME)";
				SWIFT_EMIT_LOC_STRINGS = NO;
				SWIFT_VERSION = 5.0;
				TARGETED_DEVICE_FAMILY = "1,2";
				TEST_TARGET_NAME = group3FinalProject;
			};
			name = Release;
		};
/* End XCBuildConfiguration section */

/* Begin XCConfigurationList section */
		BDFD28AB2C6B592C009CF23A /* Build configuration list for PBXProject "group3FinalProject" */ = {
			isa = XCConfigurationList;
			buildConfigurations = (
				BDFD28D22C6B592E009CF23A /* Debug */,
				BDFD28D32C6B592E009CF23A /* Release */,
			);
			defaultConfigurationIsVisible = 0;
			defaultConfigurationName = Release;
		};
		BDFD28D42C6B592E009CF23A /* Build configuration list for PBXNativeTarget "group3FinalProject" */ = {
			isa = XCConfigurationList;
			buildConfigurations = (
				BDFD28D52C6B592E009CF23A /* Debug */,
				BDFD28D62C6B592E009CF23A /* Release */,
			);
			defaultConfigurationIsVisible = 0;
			defaultConfigurationName = Release;
		};
		BDFD28D72C6B592E009CF23A /* Build configuration list for PBXNativeTarget "group3FinalProjectTests" */ = {
			isa = XCConfigurationList;
			buildConfigurations = (
				BDFD28D82C6B592E009CF23A /* Debug */,
				BDFD28D92C6B592E009CF23A /* Release */,
			);
			defaultConfigurationIsVisible = 0;
			defaultConfigurationName = Release;
		};
		BDFD28DA2C6B592E009CF23A /* Build configuration list for PBXNativeTarget "group3FinalProjectUITests" */ = {
			isa = XCConfigurationList;
			buildConfigurations = (
				BDFD28DB2C6B592E009CF23A /* Debug */,
				BDFD28DC2C6B592E009CF23A /* Release */,
			);
			defaultConfigurationIsVisible = 0;
			defaultConfigurationName = Release;
		};
/* End XCConfigurationList section */
	};
	rootObject = BDFD28A82C6B592C009CF23A /* Project object */;
}
